
Microsoft Visual Studio Solution File, Format Version 12.00
# Visual Studio Express 2012 for Windows Desktop
Project("{FAE04EC0-301F-11D3-BF4B-00C04F79EFBC}") = "ChabuCS", "Chabu\ChabuCS.csproj", "{8A6C0DA8-91BA-4D15-BDCE-9FD301795827}"
EndProject
Project("{FAE04EC0-301F-11D3-BF4B-00C04F79EFBC}") = "ChabuTestServer", "ChabuTestServer\ChabuTestServer.csproj", "{6932127C-DD06-4BBB-951D-F426259AB8AD}"
EndProject
Project("{8BC9CEB8-8B4A-11D0-8D11-00A0C91BC942}") = "ChabuC", "..\c\main\ChabuC.vcxproj", "{273519BC-E3C6-412E-AD0F-AC238FCE7A4F}"
EndProject
Project("{FAE04EC0-301F-11D3-BF4B-00C04F79EFBC}") = "ChabuCSTest", "ChabuCSTest\ChabuCSTest.csproj", "{1E5DE4AB-E808-4B80-AC78-948E9550E7CE}"
EndProject
Global
	GlobalSection(SolutionConfigurationPlatforms) = preSolution
		Debug|Any CPU = Debug|Any CPU
		Debug|Mixed Platforms = Debug|Mixed Platforms
		Debug|Win32 = Debug|Win32
		Release|Any CPU = Release|Any CPU
		Release|Mixed Platforms = Release|Mixed Platforms
		Release|Win32 = Release|Win32
	EndGlobalSection
	GlobalSection(ProjectConfigurationPlatforms) = postSolution
		{8A6C0DA8-91BA-4D15-BDCE-9FD301795827}.Debug|Any CPU.ActiveCfg = Debug|Any CPU
		{8A6C0DA8-91BA-4D15-BDCE-9FD301795827}.Debug|Any CPU.Build.0 = Debug|Any CPU
		{8A6C0DA8-91BA-4D15-BDCE-9FD301795827}.Debug|Mixed Platforms.ActiveCfg = Debug|Any CPU
		{8A6C0DA8-91BA-4D15-BDCE-9FD301795827}.Debug|Mixed Platforms.Build.0 = Debug|Any CPU
		{8A6C0DA8-91BA-4D15-BDCE-9FD301795827}.Debug|Win32.ActiveCfg = Debug|Any CPU
		{8A6C0DA8-91BA-4D15-BDCE-9FD301795827}.Release|Any CPU.ActiveCfg = Release|Any CPU
		{8A6C0DA8-91BA-4D15-BDCE-9FD301795827}.Release|Any CPU.Build.0 = Release|Any CPU
		{8A6C0DA8-91BA-4D15-BDCE-9FD301795827}.Release|Mixed Platforms.ActiveCfg = Release|Any CPU
		{8A6C0DA8-91BA-4D15-BDCE-9FD301795827}.Release|Mixed Platforms.Build.0 = Release|Any CPU
		{8A6C0DA8-91BA-4D15-BDCE-9FD301795827}.Release|Win32.ActiveCfg = Release|Any CPU
		{6932127C-DD06-4BBB-951D-F426259AB8AD}.Debug|Any CPU.ActiveCfg = Debug|Any CPU
		{6932127C-DD06-4BBB-951D-F426259AB8AD}.Debug|Any CPU.Build.0 = Debug|Any CPU
		{6932127C-DD06-4BBB-951D-F426259AB8AD}.Debug|Mixed Platforms.ActiveCfg = Debug|Any CPU
		{6932127C-DD06-4BBB-951D-F426259AB8AD}.Debug|Mixed Platforms.Build.0 = Debug|Any CPU
		{6932127C-DD06-4BBB-951D-F426259AB8AD}.Debug|Win32.ActiveCfg = Debug|Any CPU
		{6932127C-DD06-4BBB-951D-F426259AB8AD}.Release|Any CPU.ActiveCfg = Release|Any CPU
		{6932127C-DD06-4BBB-951D-F426259AB8AD}.Release|Any CPU.Build.0 = Release|Any CPU
		{6932127C-DD06-4BBB-951D-F426259AB8AD}.Release|Mixed Platforms.ActiveCfg = Release|Any CPU
		{6932127C-DD06-4BBB-951D-F426259AB8AD}.Release|Mixed Platforms.Build.0 = Release|Any CPU
		{6932127C-DD06-4BBB-951D-F426259AB8AD}.Release|Win32.ActiveCfg = Release|Any CPU
		{273519BC-E3C6-412E-AD0F-AC238FCE7A4F}.Debug|Any CPU.ActiveCfg = Debug|Win32
		{273519BC-E3C6-412E-AD0F-AC238FCE7A4F}.Debug|Mixed Platforms.ActiveCfg = Debug|Win32
		{273519BC-E3C6-412E-AD0F-AC238FCE7A4F}.Debug|Mixed Platforms.Build.0 = Debug|Win32
		{273519BC-E3C6-412E-AD0F-AC238FCE7A4F}.Debug|Win32.ActiveCfg = Debug|Win32
		{273519BC-E3C6-412E-AD0F-AC238FCE7A4F}.Debug|Win32.Build.0 = Debug|Win32
		{273519BC-E3C6-412E-AD0F-AC238FCE7A4F}.Release|Any CPU.ActiveCfg = Release|Win32
		{273519BC-E3C6-412E-AD0F-AC238FCE7A4F}.Release|Mixed Platforms.ActiveCfg = Release|Win32
		{273519BC-E3C6-412E-AD0F-AC238FCE7A4F}.Release|Mixed Platforms.Build.0 = Release|Win32
		{273519BC-E3C6-412E-AD0F-AC238FCE7A4F}.Release|Win32.ActiveCfg = Release|Win32
		{273519BC-E3C6-412E-AD0F-AC238FCE7A4F}.Release|Win32.Build.0 = Release|Win32
		{1E5DE4AB-E808-4B80-AC78-948E9550E7CE}.Debug|Any CPU.ActiveCfg = Debug|Any CPU
		{1E5DE4AB-E808-4B80-AC78-948E9550E7CE}.Debug|Any CPU.Build.0 = Debug|Any CPU
		{1E5DE4AB-E808-4B80-AC78-948E9550E7CE}.Debug|Mixed Platforms.ActiveCfg = Debug|Any CPU
		{1E5DE4AB-E808-4B80-AC78-948E9550E7CE}.Debug|Mixed Platforms.Build.0 = Debug|Any CPU
		{1E5DE4AB-E808-4B80-AC78-948E9550E7CE}.Debug|Win32.ActiveCfg = Debug|Any CPU
		{1E5DE4AB-E808-4B80-AC78-948E9550E7CE}.Release|Any CPU.ActiveCfg = Release|Any CPU
		{1E5DE4AB-E808-4B80-AC78-948E9550E7CE}.Release|Any CPU.Build.0 = Release|Any CPU
		{1E5DE4AB-E808-4B80-AC78-948E9550E7CE}.Release|Mixed Platforms.ActiveCfg = Release|Any CPU
		{1E5DE4AB-E808-4B80-AC78-948E9550E7CE}.Release|Mixed Platforms.Build.0 = Release|Any CPU
		{1E5DE4AB-E808-4B80-AC78-948E9550E7CE}.Release|Win32.ActiveCfg = Release|Any CPU
	EndGlobalSection
	GlobalSection(SolutionProperties) = preSolution
		HideSolutionNode = FALSE
	EndGlobalSection
EndGlobal
